<Solution>
  <Project Path="WebExStudio.Core/WebExStudio.Core.csproj" />
  <Project Path="WebExStudio.Engine/WebExStudio.Engine.csproj" />
  <Project Path="WebExStudio.UI/WebExStudio.UI.csproj" />
  <Project Path="WebExStudio.Cli/WebExStudio.Cli.csproj" />
  <Project Path="WebExStudio.AI/WebExStudio.AI.csproj" />
  <Project Path="WebExStudio.Core.Tests/WebExStudio.Core.Tests.csproj" />
  <Project Path="WebExStudio.Engine.Tests/WebExStudio.Engine.Tests.csproj" />
  <Project Path="WebExStudio.UI.Tests/WebExStudio.UI.Tests.csproj" />
  <Project Path="WebExStudio.Cli.Tests/WebExStudio.Cli.Tests.csproj" />
  <Folder Name="/samples/">
    <Project Path="samples/FileCheckPlugin/FileCheckPlugin.csproj" />
    <Project Path="samples/HttpRequestPlugin/HttpRequestPlugin.csproj" />
  </Folder>
  <Project Path="WebExStudio.AI.Tests/WebExStudio.AI.Tests.csproj" />
</Solution>
